{
    "_meta": {
        "hash": {
            "sha256": "98932523743fb2dcd55919c04567b6025d19f03af747d31a31f256461c186c28"
        },
        "pipfile-spec": 6,
        "requires": {
            "python_version": "3.11"
        },
        "sources": [
            {
                "name": "pypi",
                "url": "https://pypi.org/simple",
                "verify_ssl": true
            }
        ]
    },
    "default": {
        "anytree": {
            "hashes": [
                "sha256:244def434ccf31b668ed282954e5d315b4e066c4940b94aff4a7962d85947830",
                "sha256:5ea9e61caf96db1e5b3d0a914378d2cd83c269dfce1fb8242ce96589fa3382f0"
            ],
            "index": "pypi",
            "markers": "python_version < '4' and python_full_version >= '3.7.2'",
            "version": "==2.12.1"
        },
        "dearpygui": {
            "hashes": [
                "sha256:0c7c4849bc674e825750be69ee480450c3589c7d159955032776aaef5e7fda58",
                "sha256:1d632e1acdaa986a8c32b57112b84685b92d9a41f18580e14d463d7ed7a52673",
                "sha256:23ce7ce8e5ba24d31bd6468cc43b56f8f257ace4dce3bc5fe449c546c340893a",
                "sha256:39011ccb3a3ecfe3ebccfd8c4211c2c1446abd2865cbe4ccb67dc50a7a812bfb",
                "sha256:39d099b1ca97fd7d36934a5187fc4cd868d4772e504290a70fc95eda03c5125d",
                "sha256:3ba12334d993b653df2d07fe34c93c4ec65e54c022066ba245cd596a18b43a68",
                "sha256:564ff3af657f7becd059b6611e162cc9cd8148befaf8aadb10e4fb76d57df3ef",
                "sha256:6cf4c44db1f016ff3eab367f7bde7f169bad5f2f90b974c202808112a69a2b15",
                "sha256:8ce9881a629de72e05ca8b1ce7cefcdd77b624eb7eba6f7d6629848d84a797f6",
                "sha256:9eb7d581863d39543b213252041ed25856acbfa58c57291e6acb6ccbf0c2727b",
                "sha256:ac6e9bde61dcb3cc253da59e70fe2b743d3c3b5791d415eaa8d307f4517048ca",
                "sha256:b668f28aab63d8ad0b2768add4e689bedb7480e8c3390edcce7a0f5d296fd61f",
                "sha256:ca4f7ba667f64ee682dfcb3399d9d43df6821b2d962b96b4fa4535de5776f538",
                "sha256:cc15cd13c1aeae2847ed9c4b2201169add3efdedf564eb706f5b5896ddaa5d8a",
                "sha256:ccf576117ed2159cd66b419458d060923c9dcebe7fe57c65b4f4c4889287845d",
                "sha256:d22285f9a5f1377d87effd1f27020eec3ae0386f7c15a4893809909b82c62b1b",
                "sha256:e1dde63d20ac062530debee001ad649190a7e09622762601454c4191799f13b8",
                "sha256:f632bd94772e00313d0956bb9f9822c3ebcb7aa93f135f09e2fa187f3b06cea8"
            ],
            "index": "pypi",
            "markers": "python_version >= '3.7'",
            "version": "==1.11.1"
        },
        "numpy": {
            "hashes": [
                "sha256:08458fbf403bff5e2b45f08eda195d4b0c9b35682311da5a5a0a0925b11b9bd8",
                "sha256:0fbb536eac80e27a2793ffd787895242b7f18ef792563d742c2d673bfcb75134",
                "sha256:12f5d865d60fb9734e60a60f1d5afa6d962d8d4467c120a1c0cda6eb2964437d",
                "sha256:15eb4eca47d36ec3f78cde0a3a2ee24cf05ca7396ef808dda2c0ddad7c2bde67",
                "sha256:173a00b9995f73b79eb0191129f2455f1e34c203f559dd118636858cc452a1bf",
                "sha256:1b902ce0e0a5bb7704556a217c4f63a7974f8f43e090aff03fcf262e0b135e02",
                "sha256:1f682ea61a88479d9498bf2091fdcd722b090724b08b31d63e022adc063bad59",
                "sha256:1f87fec1f9bc1efd23f4227becff04bd0e979e23ca50cc92ec88b38489db3b55",
                "sha256:24a0e1befbfa14615b49ba9659d3d8818a0f4d8a1c5822af8696706fbda7310c",
                "sha256:2c3a346ae20cfd80b6cfd3e60dc179963ef2ea58da5ec074fd3d9e7a1e7ba97f",
                "sha256:36d3a9405fd7c511804dc56fc32974fa5533bdeb3cd1604d6b8ff1d292b819c4",
                "sha256:3fdabe3e2a52bc4eff8dc7a5044342f8bd9f11ef0934fcd3289a788c0eb10018",
                "sha256:4127d4303b9ac9f94ca0441138acead39928938660ca58329fe156f84b9f3015",
                "sha256:4658c398d65d1b25e1760de3157011a80375da861709abd7cef3bad65d6543f9",
                "sha256:485b87235796410c3519a699cfe1faab097e509e90ebb05dcd098db2ae87e7b3",
                "sha256:529af13c5f4b7a932fb0e1911d3a75da204eff023ee5e0e79c1751564221a5c8",
                "sha256:5a3d94942c331dd4e0e1147f7a8699a4aa47dffc11bf8a1523c12af8b2e91bbe",
                "sha256:5daab361be6ddeb299a918a7c0864fa8618af66019138263247af405018b04e1",
                "sha256:61728fba1e464f789b11deb78a57805c70b2ed02343560456190d0501ba37b0f",
                "sha256:6790654cb13eab303d8402354fabd47472b24635700f631f041bd0b65e37298a",
                "sha256:69ff563d43c69b1baba77af455dd0a839df8d25e8590e79c90fcbe1499ebde42",
                "sha256:6bf4e6f4a2a2e26655717a1983ef6324f2664d7011f6ef7482e8c0b3d51e82ac",
                "sha256:6e4eeb6eb2fced786e32e6d8df9e755ce5be920d17f7ce00bc38fcde8ccdbf9e",
                "sha256:72dc22e9ec8f6eaa206deb1b1355eb2e253899d7347f5e2fae5f0af613741d06",
                "sha256:75b4e316c5902d8163ef9d423b1c3f2f6252226d1aa5cd8a0a03a7d01ffc6268",
                "sha256:7b9853803278db3bdcc6cd5beca37815b133e9e77ff3d4733c247414e78eb8d1",
                "sha256:7d6fddc5fe258d3328cd8e3d7d3e02234c5d70e01ebe377a6ab92adb14039cb4",
                "sha256:81b0893a39bc5b865b8bf89e9ad7807e16717f19868e9d234bdaf9b1f1393868",
                "sha256:8efc84f01c1cd7e34b3fb310183e72fcdf55293ee736d679b6d35b35d80bba26",
                "sha256:8fae4ebbf95a179c1156fab0b142b74e4ba4204c87bde8d3d8b6f9c34c5825ef",
                "sha256:99d0d92a5e3613c33a5f01db206a33f8fdf3d71f2912b0de1739894668b7a93b",
                "sha256:9adbd9bb520c866e1bfd7e10e1880a1f7749f1f6e5017686a5fbb9b72cf69f82",
                "sha256:a1e01dcaab205fbece13c1410253a9eea1b1c9b61d237b6fa59bcc46e8e89343",
                "sha256:a8fc2de81ad835d999113ddf87d1ea2b0f4704cbd947c948d2f5513deafe5a7b",
                "sha256:b83e16a5511d1b1f8a88cbabb1a6f6a499f82c062a4251892d9ad5d609863fb7",
                "sha256:bb2124fdc6e62baae159ebcfa368708867eb56806804d005860b6007388df171",
                "sha256:bfc085b28d62ff4009364e7ca34b80a9a080cbd97c2c0630bb5f7f770dae9414",
                "sha256:cbab9fc9c391700e3e1287666dfd82d8666d10e69a6c4a09ab97574c0b7ee0a7",
                "sha256:e5eeca8067ad04bc8a2a8731183d51d7cbaac66d86085d5f4766ee6bf19c7f87",
                "sha256:e9e81fa9017eaa416c056e5d9e71be93d05e2c3c2ab308d23307a8bc4443c368",
                "sha256:ea2326a4dca88e4a274ba3a4405eb6c6467d3ffbd8c7d38632502eaae3820587",
                "sha256:eacf3291e263d5a67d8c1a581a8ebbcfd6447204ef58828caf69a5e3e8c75990",
                "sha256:ec87f5f8aca726117a1c9b7083e7656a9d0d606eec7299cc067bb83d26f16e0c",
                "sha256:f1659887361a7151f89e79b276ed8dff3d75877df906328f14d8bb40bb4f5101",
                "sha256:f9cf5ea551aec449206954b075db819f52adc1638d46a6738253a712d553c7b4"
            ],
            "index": "pypi",
            "markers": "python_version >= '3.9'",
            "version": "==2.0.1"
        },
        "opencv-contrib-python": {
            "hashes": [
                "sha256:040575b69e4f3aa761676bace4e3d1b8485fbfaf77ef77b266ab6bda5a3b5e9b",
                "sha256:2a36257ec1375d1bec2a62177ea39828ff9804de6831ee39646bdc875c343cec",
                "sha256:47ec3160dae75f70e099b286d1a2e086d20dac8b06e759f60eaf867e6bdecba7",
                "sha256:4a3eae0ed9cadf1abe9293a6938a25a540e2fd6d7fc308595caa5896c8b36a0c",
                "sha256:a261223db41f6e512d76deaf21c8fcfb4fbbcbc2de62ca7f74a05f2c9ee489ef",
                "sha256:dea80d4db73b8acccf9e16b5744bf3654f47b22745074263f0a6c10de26c5ef5",
                "sha256:ee4b0919026d8c533aeb69b16c6ec4a891a2f6844efaa14121bf68838753209c"
            ],
            "index": "pypi",
            "markers": "python_version >= '3.6'",
            "version": "==4.10.0.84"
        },
        "opencv-python": {
            "hashes": [
                "sha256:09a332b50488e2dda866a6c5573ee192fe3583239fb26ff2f7f9ceb0bc119ea6",
                "sha256:2db02bb7e50b703f0a2d50c50ced72e95c574e1e5a0bb35a8a86d0b35c98c236",
                "sha256:32dbbd94c26f611dc5cc6979e6b7aa1f55a64d6b463cc1dcd3c95505a63e48fe",
                "sha256:71e575744f1d23f79741450254660442785f45a0797212852ee5199ef12eed98",
                "sha256:72d234e4582e9658ffea8e9cae5b63d488ad06994ef12d81dc303b17472f3526",
                "sha256:9ace140fc6d647fbe1c692bcb2abce768973491222c067c131d80957c595b71f",
                "sha256:fc182f8f4cda51b45f01c64e4cbedfc2f00aff799debebc305d8d0210c43f251"
            ],
            "index": "pypi",
            "markers": "python_version >= '3.6'",
            "version": "==4.10.0.84"
        },
        "six": {
            "hashes": [
                "sha256:1e61c37477a1626458e36f7b1d82aa5c9b094fa4802892072e49de9c60c4c926",
                "sha256:8abb2f1d86890a2dfb989f9a77cfcfd3e47c2a354b01111771326f8aa26e0254"
            ],
            "markers": "python_version >= '2.7' and python_version not in '3.0, 3.1, 3.2, 3.3'",
            "version": "==1.16.0"
        }
    },
    "develop": {}
}
